
Microsoft Visual Studio Solution File, Format Version 12.00
# Visual Studio 15
VisualStudioVersion = 15.0.27130.2003
MinimumVisualStudioVersion = 10.0.40219.1
Project("{FAE04EC0-301F-11D3-BF4B-00C04F79EFBC}") = "apBalanceiaPascal", "apBalanceiaPascal\apBalanceiaPascal.csproj", "{7CC18641-AC90-46AA-8B66-F85DABDE54CC}"
EndProject
Global
	GlobalSection(SolutionConfigurationPlatforms) = preSolution
		Debug|Any CPU = Debug|Any CPU
		Release|Any CPU = Release|Any CPU
	EndGlobalSection
	GlobalSection(ProjectConfigurationPlatforms) = postSolution
		{7CC18641-AC90-46AA-8B66-F85DABDE54CC}.Debug|Any CPU.ActiveCfg = Debug|Any CPU
		{7CC18641-AC90-46AA-8B66-F85DABDE54CC}.Debug|Any CPU.Build.0 = Debug|Any CPU
		{7CC18641-AC90-46AA-8B66-F85DABDE54CC}.Release|Any CPU.ActiveCfg = Release|Any CPU
		{7CC18641-AC90-46AA-8B66-F85DABDE54CC}.Release|Any CPU.Build.0 = Release|Any CPU
	EndGlobalSection
	GlobalSection(SolutionProperties) = preSolution
		HideSolutionNode = FALSE
	EndGlobalSection
	GlobalSection(ExtensibilityGlobals) = postSolution
		SolutionGuid = {8E034929-5192-4A39-B6F8-5D9939491236}
	EndGlobalSection
EndGlobal
