
Microsoft Visual Studio Solution File, Format Version 12.00
# Visual Studio 15
VisualStudioVersion = 15.0.27130.2003
MinimumVisualStudioVersion = 10.0.40219.1
Project("{FAE04EC0-301F-11D3-BF4B-00C04F79EFBC}") = "apExercicioFila1", "apExercicioFila1\apExercicioFila1.csproj", "{05F2C66F-22CA-4E8E-B617-C70DBE557E55}"
EndProject
Global
	GlobalSection(SolutionConfigurationPlatforms) = preSolution
		Debug|Any CPU = Debug|Any CPU
		Release|Any CPU = Release|Any CPU
	EndGlobalSection
	GlobalSection(ProjectConfigurationPlatforms) = postSolution
		{05F2C66F-22CA-4E8E-B617-C70DBE557E55}.Debug|Any CPU.ActiveCfg = Debug|Any CPU
		{05F2C66F-22CA-4E8E-B617-C70DBE557E55}.Debug|Any CPU.Build.0 = Debug|Any CPU
		{05F2C66F-22CA-4E8E-B617-C70DBE557E55}.Release|Any CPU.ActiveCfg = Release|Any CPU
		{05F2C66F-22CA-4E8E-B617-C70DBE557E55}.Release|Any CPU.Build.0 = Release|Any CPU
	EndGlobalSection
	GlobalSection(SolutionProperties) = preSolution
		HideSolutionNode = FALSE
	EndGlobalSection
	GlobalSection(ExtensibilityGlobals) = postSolution
		SolutionGuid = {F8CA9753-7D2B-41F6-90BB-C90A3E411D14}
	EndGlobalSection
EndGlobal
